// !$*UTF8*$!
{
	archiveVersion = 1;
	classes = {
	};
	objectVersion = 45;
	objects = {

/* Begin PBXAggregateTarget section */
		24416B8111C4CA220047AFDD /* Build & Test */ = {
			isa = PBXAggregateTarget;
			buildConfigurationList = 24416B8A11C4CA520047AFDD /* Build configuration list for PBXAggregateTarget "Build & Test" */;
			buildPhases = (
				24416B8011C4CA220047AFDD /* ShellScript */,
			);
			dependencies = (
				24416B8511C4CA280047AFDD /* PBXTargetDependency */,
			);
			name = "Build & Test";
			productName = "Build & test";
		};
/* End PBXAggregateTarget section */

/* Begin PBXBuildFile section */
		24DD6CF91134B3F500162E58 /* TiSquaredcalendarModule.h in Headers */ = {isa = PBXBuildFile; fileRef = 24DD6CF71134B3F500162E58 /* TiSquaredcalendarModule.h */; };
		24DD6CFA1134B3F500162E58 /* TiSquaredcalendarModule.m in Sources */ = {isa = PBXBuildFile; fileRef = 24DD6CF81134B3F500162E58 /* TiSquaredcalendarModule.m */; };
		24DE9E1111C5FE74003F90F6 /* TiSquaredcalendarModuleAssets.h in Headers */ = {isa = PBXBuildFile; fileRef = 24DE9E0F11C5FE74003F90F6 /* TiSquaredcalendarModuleAssets.h */; };
		24DE9E1211C5FE74003F90F6 /* TiSquaredcalendarModuleAssets.m in Sources */ = {isa = PBXBuildFile; fileRef = 24DE9E1011C5FE74003F90F6 /* TiSquaredcalendarModuleAssets.m */; };
		436798FA176E9C060013CE2A /* TimesSquare-Prefix.pch in Headers */ = {isa = PBXBuildFile; fileRef = 436798F0176E9C060013CE2A /* TimesSquare-Prefix.pch */; };
		436798FB176E9C060013CE2A /* TimesSquare.h in Headers */ = {isa = PBXBuildFile; fileRef = 436798F1176E9C060013CE2A /* TimesSquare.h */; };
		436798FC176E9C060013CE2A /* TSQCalendarCell.h in Headers */ = {isa = PBXBuildFile; fileRef = 436798F2176E9C060013CE2A /* TSQCalendarCell.h */; };
		436798FD176E9C060013CE2A /* TSQCalendarCell.m in Sources */ = {isa = PBXBuildFile; fileRef = 436798F3176E9C060013CE2A /* TSQCalendarCell.m */; };
		436798FE176E9C060013CE2A /* TSQCalendarMonthHeaderCell.h in Headers */ = {isa = PBXBuildFile; fileRef = 436798F4176E9C060013CE2A /* TSQCalendarMonthHeaderCell.h */; };
		436798FF176E9C060013CE2A /* TSQCalendarMonthHeaderCell.m in Sources */ = {isa = PBXBuildFile; fileRef = 436798F5176E9C060013CE2A /* TSQCalendarMonthHeaderCell.m */; };
		43679900176E9C060013CE2A /* TSQCalendarRowCell.h in Headers */ = {isa = PBXBuildFile; fileRef = 436798F6176E9C060013CE2A /* TSQCalendarRowCell.h */; };
		43679901176E9C060013CE2A /* TSQCalendarRowCell.m in Sources */ = {isa = PBXBuildFile; fileRef = 436798F7176E9C060013CE2A /* TSQCalendarRowCell.m */; };
		43679902176E9C060013CE2A /* TSQCalendarView.h in Headers */ = {isa = PBXBuildFile; fileRef = 436798F8176E9C060013CE2A /* TSQCalendarView.h */; };
		43679903176E9C060013CE2A /* TSQCalendarView.m in Sources */ = {isa = PBXBuildFile; fileRef = 436798F9176E9C060013CE2A /* TSQCalendarView.m */; };
		4367990A176E9C740013CE2A /* TiSquaredcalendarCalendarView.h in Headers */ = {isa = PBXBuildFile; fileRef = 43679908176E9C740013CE2A /* TiSquaredcalendarCalendarView.h */; };
		4367990B176E9C740013CE2A /* TiSquaredcalendarCalendarView.m in Sources */ = {isa = PBXBuildFile; fileRef = 43679909176E9C740013CE2A /* TiSquaredcalendarCalendarView.m */; };
		4367990E176E9C9A0013CE2A /* TiSquaredcalendarCalendarViewProxy.h in Headers */ = {isa = PBXBuildFile; fileRef = 4367990C176E9C9A0013CE2A /* TiSquaredcalendarCalendarViewProxy.h */; };
		4367990F176E9C9A0013CE2A /* TiSquaredcalendarCalendarViewProxy.m in Sources */ = {isa = PBXBuildFile; fileRef = 4367990D176E9C9A0013CE2A /* TiSquaredcalendarCalendarViewProxy.m */; };
		43679913176EAB4A0013CE2A /* TSQTACalendarRowCell.h in Headers */ = {isa = PBXBuildFile; fileRef = 43679911176EAB490013CE2A /* TSQTACalendarRowCell.h */; };
		43679914176EAB4A0013CE2A /* TSQTACalendarRowCell.m in Sources */ = {isa = PBXBuildFile; fileRef = 43679912176EAB490013CE2A /* TSQTACalendarRowCell.m */; };
		AA747D9F0F9514B9006C5449 /* TiSquaredcalendar_Prefix.pch in Headers */ = {isa = PBXBuildFile; fileRef = AA747D9E0F9514B9006C5449 /* TiSquaredcalendar_Prefix.pch */; };
		AACBBE4A0F95108600F1A2B1 /* Foundation.framework in Frameworks */ = {isa = PBXBuildFile; fileRef = AACBBE490F95108600F1A2B1 /* Foundation.framework */; };
/* End PBXBuildFile section */

/* Begin PBXContainerItemProxy section */
		24416B8411C4CA280047AFDD /* PBXContainerItemProxy */ = {
			isa = PBXContainerItemProxy;
			containerPortal = 0867D690FE84028FC02AAC07 /* Project object */;
			proxyType = 1;
			remoteGlobalIDString = D2AAC07D0554694100DB518D;
			remoteInfo = CalendarView;
		};
/* End PBXContainerItemProxy section */

/* Begin PBXFileReference section */
		24DD6CF71134B3F500162E58 /* TiSquaredcalendarModule.h */ = {isa = PBXFileReference; fileEncoding = 4; lastKnownFileType = sourcecode.c.h; name = TiSquaredcalendarModule.h; path = Classes/TiSquaredcalendarModule.h; sourceTree = "<group>"; };
		24DD6CF81134B3F500162E58 /* TiSquaredcalendarModule.m */ = {isa = PBXFileReference; fileEncoding = 4; lastKnownFileType = sourcecode.c.objc; name = TiSquaredcalendarModule.m; path = Classes/TiSquaredcalendarModule.m; sourceTree = "<group>"; };
		24DD6D1B1134B66800162E58 /* titanium.xcconfig */ = {isa = PBXFileReference; fileEncoding = 4; lastKnownFileType = text.xcconfig; path = titanium.xcconfig; sourceTree = "<group>"; };
		24DE9E0F11C5FE74003F90F6 /* TiSquaredcalendarModuleAssets.h */ = {isa = PBXFileReference; fileEncoding = 4; lastKnownFileType = sourcecode.c.h; name = TiSquaredcalendarModuleAssets.h; path = Classes/TiSquaredcalendarModuleAssets.h; sourceTree = "<group>"; };
		24DE9E1011C5FE74003F90F6 /* TiSquaredcalendarModuleAssets.m */ = {isa = PBXFileReference; fileEncoding = 4; lastKnownFileType = sourcecode.c.objc; name = TiSquaredcalendarModuleAssets.m; path = Classes/TiSquaredcalendarModuleAssets.m; sourceTree = "<group>"; };
		436798F0176E9C060013CE2A /* TimesSquare-Prefix.pch */ = {isa = PBXFileReference; fileEncoding = 4; lastKnownFileType = sourcecode.c.h; path = "TimesSquare-Prefix.pch"; sourceTree = "<group>"; };
		436798F1176E9C060013CE2A /* TimesSquare.h */ = {isa = PBXFileReference; fileEncoding = 4; lastKnownFileType = sourcecode.c.h; path = TimesSquare.h; sourceTree = "<group>"; };
		436798F2176E9C060013CE2A /* TSQCalendarCell.h */ = {isa = PBXFileReference; fileEncoding = 4; lastKnownFileType = sourcecode.c.h; path = TSQCalendarCell.h; sourceTree = "<group>"; };
		436798F3176E9C060013CE2A /* TSQCalendarCell.m */ = {isa = PBXFileReference; fileEncoding = 4; lastKnownFileType = sourcecode.c.objc; path = TSQCalendarCell.m; sourceTree = "<group>"; };
		436798F4176E9C060013CE2A /* TSQCalendarMonthHeaderCell.h */ = {isa = PBXFileReference; fileEncoding = 4; lastKnownFileType = sourcecode.c.h; path = TSQCalendarMonthHeaderCell.h; sourceTree = "<group>"; };
		436798F5176E9C060013CE2A /* TSQCalendarMonthHeaderCell.m */ = {isa = PBXFileReference; fileEncoding = 4; lastKnownFileType = sourcecode.c.objc; path = TSQCalendarMonthHeaderCell.m; sourceTree = "<group>"; };
		436798F6176E9C060013CE2A /* TSQCalendarRowCell.h */ = {isa = PBXFileReference; fileEncoding = 4; lastKnownFileType = sourcecode.c.h; path = TSQCalendarRowCell.h; sourceTree = "<group>"; };
		436798F7176E9C060013CE2A /* TSQCalendarRowCell.m */ = {isa = PBXFileReference; fileEncoding = 4; lastKnownFileType = sourcecode.c.objc; path = TSQCalendarRowCell.m; sourceTree = "<group>"; };
		436798F8176E9C060013CE2A /* TSQCalendarView.h */ = {isa = PBXFileReference; fileEncoding = 4; lastKnownFileType = sourcecode.c.h; path = TSQCalendarView.h; sourceTree = "<group>"; };
		436798F9176E9C060013CE2A /* TSQCalendarView.m */ = {isa = PBXFileReference; fileEncoding = 4; lastKnownFileType = sourcecode.c.objc; path = TSQCalendarView.m; sourceTree = "<group>"; };
		43679908176E9C740013CE2A /* TiSquaredcalendarCalendarView.h */ = {isa = PBXFileReference; fileEncoding = 4; lastKnownFileType = sourcecode.c.h; name = TiSquaredcalendarCalendarView.h; path = Classes/TiSquaredcalendarCalendarView.h; sourceTree = "<group>"; };
		43679909176E9C740013CE2A /* TiSquaredcalendarCalendarView.m */ = {isa = PBXFileReference; fileEncoding = 4; lastKnownFileType = sourcecode.c.objc; name = TiSquaredcalendarCalendarView.m; path = Classes/TiSquaredcalendarCalendarView.m; sourceTree = "<group>"; };
		4367990C176E9C9A0013CE2A /* TiSquaredcalendarCalendarViewProxy.h */ = {isa = PBXFileReference; fileEncoding = 4; lastKnownFileType = sourcecode.c.h; name = TiSquaredcalendarCalendarViewProxy.h; path = Classes/TiSquaredcalendarCalendarViewProxy.h; sourceTree = "<group>"; };
		4367990D176E9C9A0013CE2A /* TiSquaredcalendarCalendarViewProxy.m */ = {isa = PBXFileReference; fileEncoding = 4; lastKnownFileType = sourcecode.c.objc; name = TiSquaredcalendarCalendarViewProxy.m; path = Classes/TiSquaredcalendarCalendarViewProxy.m; sourceTree = "<group>"; };
		43679911176EAB490013CE2A /* TSQTACalendarRowCell.h */ = {isa = PBXFileReference; fileEncoding = 4; lastKnownFileType = sourcecode.c.h; name = TSQTACalendarRowCell.h; path = Classes/TSQTACalendarRowCell.h; sourceTree = "<group>"; };
		43679912176EAB490013CE2A /* TSQTACalendarRowCell.m */ = {isa = PBXFileReference; fileEncoding = 4; lastKnownFileType = sourcecode.c.objc; name = TSQTACalendarRowCell.m; path = Classes/TSQTACalendarRowCell.m; sourceTree = "<group>"; };
		AA747D9E0F9514B9006C5449 /* TiSquaredcalendar_Prefix.pch */ = {isa = PBXFileReference; fileEncoding = 4; lastKnownFileType = sourcecode.c.h; path = TiSquaredcalendar_Prefix.pch; sourceTree = SOURCE_ROOT; };
		AACBBE490F95108600F1A2B1 /* Foundation.framework */ = {isa = PBXFileReference; lastKnownFileType = wrapper.framework; name = Foundation.framework; path = System/Library/Frameworks/Foundation.framework; sourceTree = SDKROOT; };
		D2AAC07E0554694100DB518D /* libTiSquaredcalendar.a */ = {isa = PBXFileReference; explicitFileType = archive.ar; includeInIndex = 0; path = libTiSquaredcalendar.a; sourceTree = BUILT_PRODUCTS_DIR; };
/* End PBXFileReference section */

/* Begin PBXFrameworksBuildPhase section */
		D2AAC07C0554694100DB518D /* Frameworks */ = {
			isa = PBXFrameworksBuildPhase;
			buildActionMask = 2147483647;
			files = (
				AACBBE4A0F95108600F1A2B1 /* Foundation.framework in Frameworks */,
			);
			runOnlyForDeploymentPostprocessing = 0;
		};
/* End PBXFrameworksBuildPhase section */

/* Begin PBXGroup section */
		034768DFFF38A50411DB9C8B /* Products */ = {
			isa = PBXGroup;
			children = (
				D2AAC07E0554694100DB518D /* libTiSquaredcalendar.a */,
			);
			name = Products;
			sourceTree = "<group>";
		};
		0867D691FE84028FC02AAC07 /* CalendarView */ = {
			isa = PBXGroup;
			children = (
				08FB77AEFE84172EC02AAC07 /* Classes */,
				32C88DFF0371C24200C91783 /* Other Sources */,
				0867D69AFE84028FC02AAC07 /* Frameworks */,
				034768DFFF38A50411DB9C8B /* Products */,
			);
			name = CalendarView;
			sourceTree = "<group>";
		};
		0867D69AFE84028FC02AAC07 /* Frameworks */ = {
			isa = PBXGroup;
			children = (
				AACBBE490F95108600F1A2B1 /* Foundation.framework */,
			);
			name = Frameworks;
			sourceTree = "<group>";
		};
		08FB77AEFE84172EC02AAC07 /* Classes */ = {
			isa = PBXGroup;
			children = (
				43679911176EAB490013CE2A /* TSQTACalendarRowCell.h */,
				43679912176EAB490013CE2A /* TSQTACalendarRowCell.m */,
				436798EF176E9C060013CE2A /* TimesSquare */,
				43679908176E9C740013CE2A /* TiSquaredcalendarCalendarView.h */,
				43679909176E9C740013CE2A /* TiSquaredcalendarCalendarView.m */,
				24DE9E0F11C5FE74003F90F6 /* TiSquaredcalendarModuleAssets.h */,
				24DE9E1011C5FE74003F90F6 /* TiSquaredcalendarModuleAssets.m */,
				24DD6CF71134B3F500162E58 /* TiSquaredcalendarModule.h */,
				24DD6CF81134B3F500162E58 /* TiSquaredcalendarModule.m */,
				4367990C176E9C9A0013CE2A /* TiSquaredcalendarCalendarViewProxy.h */,
				4367990D176E9C9A0013CE2A /* TiSquaredcalendarCalendarViewProxy.m */,
			);
			name = Classes;
			sourceTree = "<group>";
		};
		32C88DFF0371C24200C91783 /* Other Sources */ = {
			isa = PBXGroup;
			children = (
				AA747D9E0F9514B9006C5449 /* TiSquaredcalendar_Prefix.pch */,
				24DD6D1B1134B66800162E58 /* titanium.xcconfig */,
			);
			name = "Other Sources";
			sourceTree = "<group>";
		};
		436798EF176E9C060013CE2A /* TimesSquare */ = {
			isa = PBXGroup;
			children = (
				436798F0176E9C060013CE2A /* TimesSquare-Prefix.pch */,
				436798F1176E9C060013CE2A /* TimesSquare.h */,
				436798F2176E9C060013CE2A /* TSQCalendarCell.h */,
				436798F3176E9C060013CE2A /* TSQCalendarCell.m */,
				436798F4176E9C060013CE2A /* TSQCalendarMonthHeaderCell.h */,
				436798F5176E9C060013CE2A /* TSQCalendarMonthHeaderCell.m */,
				436798F6176E9C060013CE2A /* TSQCalendarRowCell.h */,
				436798F7176E9C060013CE2A /* TSQCalendarRowCell.m */,
				436798F8176E9C060013CE2A /* TSQCalendarView.h */,
				436798F9176E9C060013CE2A /* TSQCalendarView.m */,
			);
			path = TimesSquare;
			sourceTree = "<group>";
		};
/* End PBXGroup section */

/* Begin PBXHeadersBuildPhase section */
		D2AAC07A0554694100DB518D /* Headers */ = {
			isa = PBXHeadersBuildPhase;
			buildActionMask = 2147483647;
			files = (
				AA747D9F0F9514B9006C5449 /* TiSquaredcalendar_Prefix.pch in Headers */,
				24DD6CF91134B3F500162E58 /* TiSquaredcalendarModule.h in Headers */,
				24DE9E1111C5FE74003F90F6 /* TiSquaredcalendarModuleAssets.h in Headers */,
				436798FA176E9C060013CE2A /* TimesSquare-Prefix.pch in Headers */,
				436798FB176E9C060013CE2A /* TimesSquare.h in Headers */,
				436798FC176E9C060013CE2A /* TSQCalendarCell.h in Headers */,
				436798FE176E9C060013CE2A /* TSQCalendarMonthHeaderCell.h in Headers */,
				43679900176E9C060013CE2A /* TSQCalendarRowCell.h in Headers */,
				43679902176E9C060013CE2A /* TSQCalendarView.h in Headers */,
				4367990A176E9C740013CE2A /* TiSquaredcalendarCalendarView.h in Headers */,
				4367990E176E9C9A0013CE2A /* TiSquaredcalendarCalendarViewProxy.h in Headers */,
				43679913176EAB4A0013CE2A /* TSQTACalendarRowCell.h in Headers */,
			);
			runOnlyForDeploymentPostprocessing = 0;
		};
/* End PBXHeadersBuildPhase section */

/* Begin PBXNativeTarget section */
		D2AAC07D0554694100DB518D /* CalendarView */ = {
			isa = PBXNativeTarget;
			buildConfigurationList = 1DEB921E08733DC00010E9CD /* Build configuration list for PBXNativeTarget "CalendarView" */;
			buildPhases = (
				D2AAC07A0554694100DB518D /* Headers */,
				D2AAC07B0554694100DB518D /* Sources */,
				D2AAC07C0554694100DB518D /* Frameworks */,
			);
			buildRules = (
			);
			dependencies = (
			);
			name = CalendarView;
			productName = CalendarView;
			productReference = D2AAC07E0554694100DB518D /* libTiSquaredcalendar.a */;
			productType = "com.apple.product-type.library.static";
		};
/* End PBXNativeTarget section */

/* Begin PBXProject section */
		0867D690FE84028FC02AAC07 /* Project object */ = {
			isa = PBXProject;
			buildConfigurationList = 1DEB922208733DC00010E9CD /* Build configuration list for PBXProject "CalendarView" */;
			compatibilityVersion = "Xcode 3.1";
			developmentRegion = English;
			hasScannedForEncodings = 1;
			knownRegions = (
				English,
				Japanese,
				French,
				German,
			);
			mainGroup = 0867D691FE84028FC02AAC07 /* CalendarView */;
			productRefGroup = 034768DFFF38A50411DB9C8B /* Products */;
			projectDirPath = "";
			projectRoot = "";
			targets = (
				D2AAC07D0554694100DB518D /* CalendarView */,
				24416B8111C4CA220047AFDD /* Build & Test */,
			);
		};
/* End PBXProject section */

/* Begin PBXShellScriptBuildPhase section */
		24416B8011C4CA220047AFDD /* ShellScript */ = {
			isa = PBXShellScriptBuildPhase;
			buildActionMask = 2147483647;
			files = (
			);
			inputPaths = (
			);
			outputPaths = (
			);
			runOnlyForDeploymentPostprocessing = 0;
			shellPath = /bin/sh;
			shellScript = "# shell script goes here\n\npython \"${TITANIUM_SDK}/titanium.py\" run --dir=\"${PROJECT_DIR}\"\nexit $?\n";
		};
/* End PBXShellScriptBuildPhase section */

/* Begin PBXSourcesBuildPhase section */
		D2AAC07B0554694100DB518D /* Sources */ = {
			isa = PBXSourcesBuildPhase;
			buildActionMask = 2147483647;
			files = (
				24DD6CFA1134B3F500162E58 /* TiSquaredcalendarModule.m in Sources */,
				24DE9E1211C5FE74003F90F6 /* TiSquaredcalendarModuleAssets.m in Sources */,
				436798FD176E9C060013CE2A /* TSQCalendarCell.m in Sources */,
				436798FF176E9C060013CE2A /* TSQCalendarMonthHeaderCell.m in Sources */,
				43679901176E9C060013CE2A /* TSQCalendarRowCell.m in Sources */,
				43679903176E9C060013CE2A /* TSQCalendarView.m in Sources */,
				4367990B176E9C740013CE2A /* TiSquaredcalendarCalendarView.m in Sources */,
				4367990F176E9C9A0013CE2A /* TiSquaredcalendarCalendarViewProxy.m in Sources */,
				43679914176EAB4A0013CE2A /* TSQTACalendarRowCell.m in Sources */,
			);
			runOnlyForDeploymentPostprocessing = 0;
		};
/* End PBXSourcesBuildPhase section */

/* Begin PBXTargetDependency section */
		24416B8511C4CA280047AFDD /* PBXTargetDependency */ = {
			isa = PBXTargetDependency;
			target = D2AAC07D0554694100DB518D /* CalendarView */;
			targetProxy = 24416B8411C4CA280047AFDD /* PBXContainerItemProxy */;
		};
/* End PBXTargetDependency section */

/* Begin XCBuildConfiguration section */
		1DEB921F08733DC00010E9CD /* Debug */ = {
			isa = XCBuildConfiguration;
			baseConfigurationReference = 24DD6D1B1134B66800162E58 /* titanium.xcconfig */;
			buildSettings = {
				CODE_SIGN_IDENTITY = "iPhone Developer";
				"CODE_SIGN_IDENTITY[sdk=iphoneos*]" = "iPhone Developer";
				DSTROOT = /tmp/TiSquaredcalendar.dst;
				GCC_C_LANGUAGE_STANDARD = c99;
				GCC_OPTIMIZATION_LEVEL = 0;
				GCC_PRECOMPILE_PREFIX_HEADER = YES;
				GCC_PREFIX_HEADER = TiSquaredcalendar_Prefix.pch;
				GCC_PREPROCESSOR_DEFINITIONS = "TI_VERSION=$(TI_VERSION)";
				GCC_TREAT_WARNINGS_AS_ERRORS = NO;
				GCC_VERSION = "";
				GCC_WARN_ABOUT_RETURN_TYPE = NO;
				GCC_WARN_MISSING_PARENTHESES = NO;
				GCC_WARN_SHADOW = NO;
				GCC_WARN_STRICT_SELECTOR_MATCH = NO;
				GCC_WARN_UNUSED_FUNCTION = YES;
				GCC_WARN_UNUSED_PARAMETER = NO;
				GCC_WARN_UNUSED_VALUE = NO;
				GCC_WARN_UNUSED_VARIABLE = NO;
				INSTALL_PATH = /usr/local/lib;
				LIBRARY_SEARCH_PATHS = "";
				OTHER_CFLAGS = (
					"-DDEBUG",
					"-DTI_POST_1_2",
				);
				OTHER_LDFLAGS = "-ObjC";
				PRODUCT_NAME = TiSquaredcalendar;
				PROVISIONING_PROFILE = "";
				"PROVISIONING_PROFILE[sdk=iphoneos*]" = "";
				RUN_CLANG_STATIC_ANALYZER = NO;
				SDKROOT = iphoneos;
				USER_HEADER_SEARCH_PATHS = "";
			};
			name = Debug;
		};
		1DEB922008733DC00010E9CD /* Release */ = {
			isa = XCBuildConfiguration;
			baseConfigurationReference = 24DD6D1B1134B66800162E58 /* titanium.xcconfig */;
			buildSettings = {
				ALWAYS_SEARCH_USER_PATHS = NO;
				DSTROOT = /tmp/TiSquaredcalendar.dst;
				GCC_C_LANGUAGE_STANDARD = c99;
				GCC_MODEL_TUNING = G5;
				GCC_PRECOMPILE_PREFIX_HEADER = YES;
				GCC_PREFIX_HEADER = TiSquaredcalendar_Prefix.pch;
				GCC_PREPROCESSOR_DEFINITIONS = "TI_VERSION=$(TI_VERSION)";
				GCC_TREAT_WARNINGS_AS_ERRORS = NO;
				GCC_VERSION = "";
				GCC_WARN_ABOUT_RETURN_TYPE = NO;
				GCC_WARN_MISSING_PARENTHESES = NO;
				GCC_WARN_SHADOW = NO;
				GCC_WARN_STRICT_SELECTOR_MATCH = NO;
				GCC_WARN_UNUSED_FUNCTION = YES;
				GCC_WARN_UNUSED_PARAMETER = NO;
				GCC_WARN_UNUSED_VALUE = NO;
				GCC_WARN_UNUSED_VARIABLE = NO;
				INSTALL_PATH = /usr/local/lib;
				IPHONEOS_DEPLOYMENT_TARGET = 4.0;
				LIBRARY_SEARCH_PATHS = "";
				OTHER_CFLAGS = "-DTI_POST_1_2";
				OTHER_LDFLAGS = "-ObjC";
				PRODUCT_NAME = TiSquaredcalendar;
				RUN_CLANG_STATIC_ANALYZER = NO;
				SDKROOT = iphoneos;
				USER_HEADER_SEARCH_PATHS = "";
			};
			name = Release;
		};
		1DEB922308733DC00010E9CD /* Debug */ = {
			isa = XCBuildConfiguration;
			baseConfigurationReference = 24DD6D1B1134B66800162E58 /* titanium.xcconfig */;
			buildSettings = {
				CODE_SIGN_IDENTITY = "iPhone Developer";
				"CODE_SIGN_IDENTITY[sdk=iphoneos*]" = "iPhone Developer";
				DSTROOT = /tmp/TiSquaredcalendar.dst;
				GCC_C_LANGUAGE_STANDARD = c99;
				GCC_OPTIMIZATION_LEVEL = 0;
				GCC_PRECOMPILE_PREFIX_HEADER = YES;
				GCC_PREFIX_HEADER = TiSquaredcalendar_Prefix.pch;
				GCC_PREPROCESSOR_DEFINITIONS = "TI_VERSION=$(TI_VERSION)";
				GCC_TREAT_WARNINGS_AS_ERRORS = NO;
				GCC_VERSION = "";
				GCC_WARN_ABOUT_RETURN_TYPE = NO;
				GCC_WARN_MISSING_PARENTHESES = NO;
				GCC_WARN_SHADOW = NO;
				GCC_WARN_STRICT_SELECTOR_MATCH = NO;
				GCC_WARN_UNUSED_FUNCTION = YES;
				GCC_WARN_UNUSED_PARAMETER = NO;
				GCC_WARN_UNUSED_VALUE = NO;
				GCC_WARN_UNUSED_VARIABLE = NO;
				INSTALL_PATH = /usr/local/lib;
				OTHER_CFLAGS = (
					"-DDEBUG",
					"-DTI_POST_1_2",
				);
				OTHER_LDFLAGS = "-ObjC";
				PRODUCT_NAME = TiSquaredcalendar;
				PROVISIONING_PROFILE = "";
				"PROVISIONING_PROFILE[sdk=iphoneos*]" = "";
				RUN_CLANG_STATIC_ANALYZER = NO;
				SDKROOT = iphoneos;
				USER_HEADER_SEARCH_PATHS = "";
			};
			name = Debug;
		};
		1DEB922408733DC00010E9CD /* Release */ = {
			isa = XCBuildConfiguration;
			baseConfigurationReference = 24DD6D1B1134B66800162E58 /* titanium.xcconfig */;
			buildSettings = {
				ALWAYS_SEARCH_USER_PATHS = NO;
				DSTROOT = /tmp/TiSquaredcalendar.dst;
				GCC_C_LANGUAGE_STANDARD = c99;
				GCC_MODEL_TUNING = G5;
				GCC_PRECOMPILE_PREFIX_HEADER = YES;
				GCC_PREFIX_HEADER = TiSquaredcalendar_Prefix.pch;
				GCC_PREPROCESSOR_DEFINITIONS = "TI_VERSION=$(TI_VERSION)";
				GCC_TREAT_WARNINGS_AS_ERRORS = NO;
				GCC_VERSION = "";
				GCC_WARN_ABOUT_RETURN_TYPE = NO;
				GCC_WARN_MISSING_PARENTHESES = NO;
				GCC_WARN_SHADOW = NO;
				GCC_WARN_STRICT_SELECTOR_MATCH = NO;
				GCC_WARN_UNUSED_FUNCTION = YES;
				GCC_WARN_UNUSED_PARAMETER = NO;
				GCC_WARN_UNUSED_VALUE = NO;
				GCC_WARN_UNUSED_VARIABLE = NO;
				INSTALL_PATH = /usr/local/lib;
				IPHONEOS_DEPLOYMENT_TARGET = 4.0;
				OTHER_CFLAGS = "-DTI_POST_1_2";
				OTHER_LDFLAGS = "-ObjC";
				PRODUCT_NAME = TiSquaredcalendar;
				RUN_CLANG_STATIC_ANALYZER = NO;
				SDKROOT = iphoneos;
				USER_HEADER_SEARCH_PATHS = "";
			};
			name = Release;
		};
		24416B8211C4CA220047AFDD /* Debug */ = {
			isa = XCBuildConfiguration;
			baseConfigurationReference = 24DD6D1B1134B66800162E58 /* titanium.xcconfig */;
			buildSettings = {
				COPY_PHASE_STRIP = NO;
				GCC_DYNAMIC_NO_PIC = NO;
				GCC_OPTIMIZATION_LEVEL = 0;
				PRODUCT_NAME = "Build & test";
			};
			name = Debug;
		};
		24416B8311C4CA220047AFDD /* Release */ = {
			isa = XCBuildConfiguration;
			baseConfigurationReference = 24DD6D1B1134B66800162E58 /* titanium.xcconfig */;
			buildSettings = {
				COPY_PHASE_STRIP = YES;
				DEBUG_INFORMATION_FORMAT = "dwarf-with-dsym";
				GCC_ENABLE_FIX_AND_CONTINUE = NO;
				PRODUCT_NAME = "Build & test";
				ZERO_LINK = NO;
			};
			name = Release;
		};
/* End XCBuildConfiguration section */

/* Begin XCConfigurationList section */
		1DEB921E08733DC00010E9CD /* Build configuration list for PBXNativeTarget "CalendarView" */ = {
			isa = XCConfigurationList;
			buildConfigurations = (
				1DEB921F08733DC00010E9CD /* Debug */,
				1DEB922008733DC00010E9CD /* Release */,
			);
			defaultConfigurationIsVisible = 0;
			defaultConfigurationName = Release;
		};
		1DEB922208733DC00010E9CD /* Build configuration list for PBXProject "CalendarView" */ = {
			isa = XCConfigurationList;
			buildConfigurations = (
				1DEB922308733DC00010E9CD /* Debug */,
				1DEB922408733DC00010E9CD /* Release */,
			);
			defaultConfigurationIsVisible = 0;
			defaultConfigurationName = Release;
		};
		24416B8A11C4CA520047AFDD /* Build configuration list for PBXAggregateTarget "Build & Test" */ = {
			isa = XCConfigurationList;
			buildConfigurations = (
				24416B8211C4CA220047AFDD /* Debug */,
				24416B8311C4CA220047AFDD /* Release */,
			);
			defaultConfigurationIsVisible = 0;
			defaultConfigurationName = Release;
		};
/* End XCConfigurationList section */
	};
	rootObject = 0867D690FE84028FC02AAC07 /* Project object */;
}
